{
  "name": "tesla-carplay",
  "lockfileVersion": 2,
  "requires": true,
  "packages": {
    "": {
      "dependencies": {
        "node-carplay": "^1.0.14",
        "ws": "^8.2.3"
      }
    },
    "node_modules/node-addon-api": {
      "version": "4.2.0",
      "resolved": "https://registry.npmjs.org/node-addon-api/-/node-addon-api-4.2.0.tgz",
      "integrity": "sha512-eazsqzwG2lskuzBqCGPi7Ac2UgOoMz8JVOXVhTvvPDYhthvNpefx8jWD8Np7Gv+2Sz0FlPWZk0nJV0z598Wn8Q=="
    },
    "node_modules/node-carplay": {
      "version": "1.0.14",
      "resolved": "https://registry.npmjs.org/node-carplay/-/node-carplay-1.0.14.tgz",
      "integrity": "sha512-GS99PuL3/O5g6pVFT9OLk/mmdriDeJwFwpSNGHatA1/mqaZ/dL+HjjpTxaLruL5RpNp5axMdibGsmPbAKBv/Gw==",
      "dependencies": {
        "usb": "^1.7.1"
      }
    },
    "node_modules/node-gyp-build": {
      "version": "4.3.0",
      "resolved": "https://registry.npmjs.org/node-gyp-build/-/node-gyp-build-4.3.0.tgz",
      "integrity": "sha512-iWjXZvmboq0ja1pUGULQBexmxq8CV4xBhX7VDOTbL7ZR4FOowwY/VOtRxBN/yKxmdGoIp4j5ysNT4u3S2pDQ3Q==",
      "bin": {
        "node-gyp-build": "bin.js",
        "node-gyp-build-optional": "optional.js",
        "node-gyp-build-test": "build-test.js"
      }
    },
    "node_modules/usb": {
      "version": "1.8.0",
      "resolved": "https://registry.npmjs.org/usb/-/usb-1.8.0.tgz",
      "integrity": "sha512-lA0q2tjDEAq1YUsW6nQ+asw92TtFrQ8rhMd11jAoFhK3xItZUupJ7npZDSmVOpQqQhhdFmX/YciqyywupA/wOQ==",
      "hasInstallScript": true,
      "dependencies": {
        "node-addon-api": "^4.2.0",
        "node-gyp-build": "^4.3.0"
      },
      "engines": {
        "node": ">=10.16.0"
      }
    },
    "node_modules/ws": {
      "version": "8.2.3",
      "resolved": "https://registry.npmjs.org/ws/-/ws-8.2.3.tgz",
      "integrity": "sha512-wBuoj1BDpC6ZQ1B7DWQBYVLphPWkm8i9Y0/3YdHjHKHiohOJ1ws+3OccDWtH+PoC9DZD5WOTrJvNbWvjS6JWaA==",
      "engines": {
        "node": ">=10.0.0"
      },
      "peerDependencies": {
        "bufferutil": "^4.0.1",
        "utf-8-validate": "^5.0.2"
      },
      "peerDependenciesMeta": {
        "bufferutil": {
          "optional": true
        },
        "utf-8-validate": {
          "optional": true
        }
      }
    }
  },
  "dependencies": {
    "node-addon-api": {
      "version": "4.2.0",
      "resolved": "https://registry.npmjs.org/node-addon-api/-/node-addon-api-4.2.0.tgz",
      "integrity": "sha512-eazsqzwG2lskuzBqCGPi7Ac2UgOoMz8JVOXVhTvvPDYhthvNpefx8jWD8Np7Gv+2Sz0FlPWZk0nJV0z598Wn8Q=="
    },
    "node-carplay": {
      "version": "1.0.14",
      "resolved": "https://registry.npmjs.org/node-carplay/-/node-carplay-1.0.14.tgz",
      "integrity": "sha512-GS99PuL3/O5g6pVFT9OLk/mmdriDeJwFwpSNGHatA1/mqaZ/dL+HjjpTxaLruL5RpNp5axMdibGsmPbAKBv/Gw==",
      "requires": {
        "usb": "^1.7.1"
      }
    },
    "node-gyp-build": {
      "version": "4.3.0",
      "resolved": "https://registry.npmjs.org/node-gyp-build/-/node-gyp-build-4.3.0.tgz",
      "integrity": "sha512-iWjXZvmboq0ja1pUGULQBexmxq8CV4xBhX7VDOTbL7ZR4FOowwY/VOtRxBN/yKxmdGoIp4j5ysNT4u3S2pDQ3Q=="
    },
    "usb": {
      "version": "1.8.0",
      "resolved": "https://registry.npmjs.org/usb/-/usb-1.8.0.tgz",
      "integrity": "sha512-lA0q2tjDEAq1YUsW6nQ+asw92TtFrQ8rhMd11jAoFhK3xItZUupJ7npZDSmVOpQqQhhdFmX/YciqyywupA/wOQ==",
      "requires": {
        "node-addon-api": "^4.2.0",
        "node-gyp-build": "^4.3.0"
      }
    },
    "ws": {
      "version": "8.2.3",
      "resolved": "https://registry.npmjs.org/ws/-/ws-8.2.3.tgz",
      "integrity": "sha512-wBuoj1BDpC6ZQ1B7DWQBYVLphPWkm8i9Y0/3YdHjHKHiohOJ1ws+3OccDWtH+PoC9DZD5WOTrJvNbWvjS6JWaA==",
      "requires": {}
    }
  }
}
